// !$*UTF8*$!
{
	archiveVersion = 1;
	classes = {
	};
	objectVersion = 55;
	objects = {

/* Begin PBXBuildFile section */
		0611D400285BC8B800412C25 /* DetailsViewController.m in Sources */ = {isa = PBXBuildFile; fileRef = 0611D3FF285BC8B800412C25 /* DetailsViewController.m */; };
		06309510285A4C2E0063A835 /* AppDelegate.m in Sources */ = {isa = PBXBuildFile; fileRef = 0630950F285A4C2E0063A835 /* AppDelegate.m */; };
		06309513285A4C2E0063A835 /* SceneDelegate.m in Sources */ = {isa = PBXBuildFile; fileRef = 06309512285A4C2E0063A835 /* SceneDelegate.m */; };
		06309519285A4C2E0063A835 /* Main.storyboard in Resources */ = {isa = PBXBuildFile; fileRef = 06309517285A4C2E0063A835 /* Main.storyboard */; };
		0630951B285A4C2E0063A835 /* Assets.xcassets in Resources */ = {isa = PBXBuildFile; fileRef = 0630951A285A4C2E0063A835 /* Assets.xcassets */; };
		0630951E285A4C2E0063A835 /* LaunchScreen.storyboard in Resources */ = {isa = PBXBuildFile; fileRef = 0630951C285A4C2E0063A835 /* LaunchScreen.storyboard */; };
		06309521285A4C2E0063A835 /* main.m in Sources */ = {isa = PBXBuildFile; fileRef = 06309520285A4C2E0063A835 /* main.m */; };
		0630952B285A4C2E0063A835 /* FlixterTests.m in Sources */ = {isa = PBXBuildFile; fileRef = 0630952A285A4C2E0063A835 /* FlixterTests.m */; };
		06309535285A4C2F0063A835 /* FlixterUITests.m in Sources */ = {isa = PBXBuildFile; fileRef = 06309534285A4C2F0063A835 /* FlixterUITests.m */; };
		06309537285A4C2F0063A835 /* FlixterUITestsLaunchTests.m in Sources */ = {isa = PBXBuildFile; fileRef = 06309536285A4C2F0063A835 /* FlixterUITestsLaunchTests.m */; };
		06309548285A75F10063A835 /* MovieViewController.m in Sources */ = {isa = PBXBuildFile; fileRef = 06309547285A75F10063A835 /* MovieViewController.m */; };
		0630954E285A95AF0063A835 /* MovieCell.m in Sources */ = {isa = PBXBuildFile; fileRef = 0630954D285A95AF0063A835 /* MovieCell.m */; };
		06D60BC5285CF72F0042FB6A /* GridViewController.m in Sources */ = {isa = PBXBuildFile; fileRef = 06D60BC4285CF72F0042FB6A /* GridViewController.m */; };
		06D60BC8285CFBCF0042FB6A /* GridCell.m in Sources */ = {isa = PBXBuildFile; fileRef = 06D60BC7285CFBCF0042FB6A /* GridCell.m */; };
		34792954144048CE9E85C2A3 /* Pods_Flixter.framework in Frameworks */ = {isa = PBXBuildFile; fileRef = EEC2AF9699C2F740A6242800 /* Pods_Flixter.framework */; };
		4027F711222B1A9282A562A3 /* Pods_Flixter_FlixterUITests.framework in Frameworks */ = {isa = PBXBuildFile; fileRef = ACE439EC0359DE65F4846CB3 /* Pods_Flixter_FlixterUITests.framework */; };
		CC80E2C1779F37DA9BBD69F1 /* Pods_FlixterTests.framework in Frameworks */ = {isa = PBXBuildFile; fileRef = 7548CC6FBC7552A59A8B6188 /* Pods_FlixterTests.framework */; };
/* End PBXBuildFile section */

/* Begin PBXContainerItemProxy section */
		06309527285A4C2E0063A835 /* PBXContainerItemProxy */ = {
			isa = PBXContainerItemProxy;
			containerPortal = 06309503285A4C2E0063A835 /* Project object */;
			proxyType = 1;
			remoteGlobalIDString = 0630950A285A4C2E0063A835;
			remoteInfo = Flixter;
		};
		06309531285A4C2F0063A835 /* PBXContainerItemProxy */ = {
			isa = PBXContainerItemProxy;
			containerPortal = 06309503285A4C2E0063A835 /* Project object */;
			proxyType = 1;
			remoteGlobalIDString = 0630950A285A4C2E0063A835;
			remoteInfo = Flixter;
		};
/* End PBXContainerItemProxy section */

/* Begin PBXFileReference section */
		0611D3FE285BC8B800412C25 /* DetailsViewController.h */ = {isa = PBXFileReference; lastKnownFileType = sourcecode.c.h; path = DetailsViewController.h; sourceTree = "<group>"; };
		0611D3FF285BC8B800412C25 /* DetailsViewController.m */ = {isa = PBXFileReference; lastKnownFileType = sourcecode.c.objc; path = DetailsViewController.m; sourceTree = "<group>"; };
		0630950B285A4C2E0063A835 /* Flixter.app */ = {isa = PBXFileReference; explicitFileType = wrapper.application; includeInIndex = 0; path = Flixter.app; sourceTree = BUILT_PRODUCTS_DIR; };
		0630950E285A4C2E0063A835 /* AppDelegate.h */ = {isa = PBXFileReference; lastKnownFileType = sourcecode.c.h; path = AppDelegate.h; sourceTree = "<group>"; };
		0630950F285A4C2E0063A835 /* AppDelegate.m */ = {isa = PBXFileReference; lastKnownFileType = sourcecode.c.objc; path = AppDelegate.m; sourceTree = "<group>"; };
		06309511285A4C2E0063A835 /* SceneDelegate.h */ = {isa = PBXFileReference; lastKnownFileType = sourcecode.c.h; path = SceneDelegate.h; sourceTree = "<group>"; };
		06309512285A4C2E0063A835 /* SceneDelegate.m */ = {isa = PBXFileReference; lastKnownFileType = sourcecode.c.objc; path = SceneDelegate.m; sourceTree = "<group>"; };
		06309518285A4C2E0063A835 /* Base */ = {isa = PBXFileReference; lastKnownFileType = file.storyboard; name = Base; path = Base.lproj/Main.storyboard; sourceTree = "<group>"; };
		0630951A285A4C2E0063A835 /* Assets.xcassets */ = {isa = PBXFileReference; lastKnownFileType = folder.assetcatalog; path = Assets.xcassets; sourceTree = "<group>"; };
		0630951D285A4C2E0063A835 /* Base */ = {isa = PBXFileReference; lastKnownFileType = file.storyboard; name = Base; path = Base.lproj/LaunchScreen.storyboard; sourceTree = "<group>"; };
		0630951F285A4C2E0063A835 /* Info.plist */ = {isa = PBXFileReference; lastKnownFileType = text.plist.xml; path = Info.plist; sourceTree = "<group>"; };
		06309520285A4C2E0063A835 /* main.m */ = {isa = PBXFileReference; lastKnownFileType = sourcecode.c.objc; path = main.m; sourceTree = "<group>"; };
		06309526285A4C2E0063A835 /* FlixterTests.xctest */ = {isa = PBXFileReference; explicitFileType = wrapper.cfbundle; includeInIndex = 0; path = FlixterTests.xctest; sourceTree = BUILT_PRODUCTS_DIR; };
		0630952A285A4C2E0063A835 /* FlixterTests.m */ = {isa = PBXFileReference; lastKnownFileType = sourcecode.c.objc; path = FlixterTests.m; sourceTree = "<group>"; };
		06309530285A4C2F0063A835 /* FlixterUITests.xctest */ = {isa = PBXFileReference; explicitFileType = wrapper.cfbundle; includeInIndex = 0; path = FlixterUITests.xctest; sourceTree = BUILT_PRODUCTS_DIR; };
		06309534285A4C2F0063A835 /* FlixterUITests.m */ = {isa = PBXFileReference; lastKnownFileType = sourcecode.c.objc; path = FlixterUITests.m; sourceTree = "<group>"; };
		06309536285A4C2F0063A835 /* FlixterUITestsLaunchTests.m */ = {isa = PBXFileReference; lastKnownFileType = sourcecode.c.objc; path = FlixterUITestsLaunchTests.m; sourceTree = "<group>"; };
		06309546285A75F10063A835 /* MovieViewController.h */ = {isa = PBXFileReference; lastKnownFileType = sourcecode.c.h; path = MovieViewController.h; sourceTree = "<group>"; };
		06309547285A75F10063A835 /* MovieViewController.m */ = {isa = PBXFileReference; lastKnownFileType = sourcecode.c.objc; path = MovieViewController.m; sourceTree = "<group>"; };
		0630954C285A95AF0063A835 /* MovieCell.h */ = {isa = PBXFileReference; lastKnownFileType = sourcecode.c.h; path = MovieCell.h; sourceTree = "<group>"; };
		0630954D285A95AF0063A835 /* MovieCell.m */ = {isa = PBXFileReference; lastKnownFileType = sourcecode.c.objc; path = MovieCell.m; sourceTree = "<group>"; };
		06D60BC3285CF72F0042FB6A /* GridViewController.h */ = {isa = PBXFileReference; lastKnownFileType = sourcecode.c.h; path = GridViewController.h; sourceTree = "<group>"; };
		06D60BC4285CF72F0042FB6A /* GridViewController.m */ = {isa = PBXFileReference; lastKnownFileType = sourcecode.c.objc; path = GridViewController.m; sourceTree = "<group>"; };
		06D60BC6285CFBCF0042FB6A /* GridCell.h */ = {isa = PBXFileReference; lastKnownFileType = sourcecode.c.h; path = GridCell.h; sourceTree = "<group>"; };
		06D60BC7285CFBCF0042FB6A /* GridCell.m */ = {isa = PBXFileReference; lastKnownFileType = sourcecode.c.objc; path = GridCell.m; sourceTree = "<group>"; };
		170173859D4C5A14A77EA7AD /* Pods-FlixterTests.debug.xcconfig */ = {isa = PBXFileReference; includeInIndex = 1; lastKnownFileType = text.xcconfig; name = "Pods-FlixterTests.debug.xcconfig"; path = "Target Support Files/Pods-FlixterTests/Pods-FlixterTests.debug.xcconfig"; sourceTree = "<group>"; };
		3F1919B3AE2275209CE896EC /* Pods-Flixter.debug.xcconfig */ = {isa = PBXFileReference; includeInIndex = 1; lastKnownFileType = text.xcconfig; name = "Pods-Flixter.debug.xcconfig"; path = "Target Support Files/Pods-Flixter/Pods-Flixter.debug.xcconfig"; sourceTree = "<group>"; };
		404BDDC787E2DA28C5D89D85 /* Pods-Flixter-FlixterUITests.debug.xcconfig */ = {isa = PBXFileReference; includeInIndex = 1; lastKnownFileType = text.xcconfig; name = "Pods-Flixter-FlixterUITests.debug.xcconfig"; path = "Target Support Files/Pods-Flixter-FlixterUITests/Pods-Flixter-FlixterUITests.debug.xcconfig"; sourceTree = "<group>"; };
		41F6C8296719D6102D318366 /* Pods-Flixter.release.xcconfig */ = {isa = PBXFileReference; includeInIndex = 1; lastKnownFileType = text.xcconfig; name = "Pods-Flixter.release.xcconfig"; path = "Target Support Files/Pods-Flixter/Pods-Flixter.release.xcconfig"; sourceTree = "<group>"; };
		55D6B2FE8A1BF69EC267F442 /* Pods-FlixterTests.release.xcconfig */ = {isa = PBXFileReference; includeInIndex = 1; lastKnownFileType = text.xcconfig; name = "Pods-FlixterTests.release.xcconfig"; path = "Target Support Files/Pods-FlixterTests/Pods-FlixterTests.release.xcconfig"; sourceTree = "<group>"; };
		7548CC6FBC7552A59A8B6188 /* Pods_FlixterTests.framework */ = {isa = PBXFileReference; explicitFileType = wrapper.framework; includeInIndex = 0; path = Pods_FlixterTests.framework; sourceTree = BUILT_PRODUCTS_DIR; };
		ACE439EC0359DE65F4846CB3 /* Pods_Flixter_FlixterUITests.framework */ = {isa = PBXFileReference; explicitFileType = wrapper.framework; includeInIndex = 0; path = Pods_Flixter_FlixterUITests.framework; sourceTree = BUILT_PRODUCTS_DIR; };
		CC9FE601FD0FA86D9D34D5C8 /* Pods-Flixter-FlixterUITests.release.xcconfig */ = {isa = PBXFileReference; includeInIndex = 1; lastKnownFileType = text.xcconfig; name = "Pods-Flixter-FlixterUITests.release.xcconfig"; path = "Target Support Files/Pods-Flixter-FlixterUITests/Pods-Flixter-FlixterUITests.release.xcconfig"; sourceTree = "<group>"; };
		EEC2AF9699C2F740A6242800 /* Pods_Flixter.framework */ = {isa = PBXFileReference; explicitFileType = wrapper.framework; includeInIndex = 0; path = Pods_Flixter.framework; sourceTree = BUILT_PRODUCTS_DIR; };
/* End PBXFileReference section */

/* Begin PBXFrameworksBuildPhase section */
		06309508285A4C2E0063A835 /* Frameworks */ = {
			isa = PBXFrameworksBuildPhase;
			buildActionMask = 2147483647;
			files = (
				34792954144048CE9E85C2A3 /* Pods_Flixter.framework in Frameworks */,
			);
			runOnlyForDeploymentPostprocessing = 0;
		};
		06309523285A4C2E0063A835 /* Frameworks */ = {
			isa = PBXFrameworksBuildPhase;
			buildActionMask = 2147483647;
			files = (
				CC80E2C1779F37DA9BBD69F1 /* Pods_FlixterTests.framework in Frameworks */,
			);
			runOnlyForDeploymentPostprocessing = 0;
		};
		0630952D285A4C2F0063A835 /* Frameworks */ = {
			isa = PBXFrameworksBuildPhase;
			buildActionMask = 2147483647;
			files = (
				4027F711222B1A9282A562A3 /* Pods_Flixter_FlixterUITests.framework in Frameworks */,
			);
			runOnlyForDeploymentPostprocessing = 0;
		};
/* End PBXFrameworksBuildPhase section */

/* Begin PBXGroup section */
		06309502285A4C2E0063A835 = {
			isa = PBXGroup;
			children = (
				0630950D285A4C2E0063A835 /* Flixter */,
				06309529285A4C2E0063A835 /* FlixterTests */,
				06309533285A4C2F0063A835 /* FlixterUITests */,
				0630950C285A4C2E0063A835 /* Products */,
				A86A5278DFB8A66632B956FF /* Pods */,
				6028A717BADB1E90C63CA296 /* Frameworks */,
			);
			sourceTree = "<group>";
		};
		0630950C285A4C2E0063A835 /* Products */ = {
			isa = PBXGroup;
			children = (
				0630950B285A4C2E0063A835 /* Flixter.app */,
				06309526285A4C2E0063A835 /* FlixterTests.xctest */,
				06309530285A4C2F0063A835 /* FlixterUITests.xctest */,
			);
			name = Products;
			sourceTree = "<group>";
		};
		0630950D285A4C2E0063A835 /* Flixter */ = {
			isa = PBXGroup;
			children = (
				0630950E285A4C2E0063A835 /* AppDelegate.h */,
				0630950F285A4C2E0063A835 /* AppDelegate.m */,
				06309511285A4C2E0063A835 /* SceneDelegate.h */,
				06309512285A4C2E0063A835 /* SceneDelegate.m */,
				06309517285A4C2E0063A835 /* Main.storyboard */,
				06D60BC6285CFBCF0042FB6A /* GridCell.h */,
				06D60BC7285CFBCF0042FB6A /* GridCell.m */,
				0630954C285A95AF0063A835 /* MovieCell.h */,
				0630954D285A95AF0063A835 /* MovieCell.m */,
				0630951A285A4C2E0063A835 /* Assets.xcassets */,
				0630951C285A4C2E0063A835 /* LaunchScreen.storyboard */,
				06309546285A75F10063A835 /* MovieViewController.h */,
				06309547285A75F10063A835 /* MovieViewController.m */,
				0611D3FE285BC8B800412C25 /* DetailsViewController.h */,
				0611D3FF285BC8B800412C25 /* DetailsViewController.m */,
				06D60BC3285CF72F0042FB6A /* GridViewController.h */,
				06D60BC4285CF72F0042FB6A /* GridViewController.m */,
				0630951F285A4C2E0063A835 /* Info.plist */,
				06309520285A4C2E0063A835 /* main.m */,
			);
			path = Flixter;
			sourceTree = "<group>";
		};
		06309529285A4C2E0063A835 /* FlixterTests */ = {
			isa = PBXGroup;
			children = (
				0630952A285A4C2E0063A835 /* FlixterTests.m */,
			);
			path = FlixterTests;
			sourceTree = "<group>";
		};
		06309533285A4C2F0063A835 /* FlixterUITests */ = {
			isa = PBXGroup;
			children = (
				06309534285A4C2F0063A835 /* FlixterUITests.m */,
				06309536285A4C2F0063A835 /* FlixterUITestsLaunchTests.m */,
			);
			path = FlixterUITests;
			sourceTree = "<group>";
		};
		6028A717BADB1E90C63CA296 /* Frameworks */ = {
			isa = PBXGroup;
			children = (
				EEC2AF9699C2F740A6242800 /* Pods_Flixter.framework */,
				ACE439EC0359DE65F4846CB3 /* Pods_Flixter_FlixterUITests.framework */,
				7548CC6FBC7552A59A8B6188 /* Pods_FlixterTests.framework */,
			);
			name = Frameworks;
			sourceTree = "<group>";
		};
		A86A5278DFB8A66632B956FF /* Pods */ = {
			isa = PBXGroup;
			children = (
				3F1919B3AE2275209CE896EC /* Pods-Flixter.debug.xcconfig */,
				41F6C8296719D6102D318366 /* Pods-Flixter.release.xcconfig */,
				404BDDC787E2DA28C5D89D85 /* Pods-Flixter-FlixterUITests.debug.xcconfig */,
				CC9FE601FD0FA86D9D34D5C8 /* Pods-Flixter-FlixterUITests.release.xcconfig */,
				170173859D4C5A14A77EA7AD /* Pods-FlixterTests.debug.xcconfig */,
				55D6B2FE8A1BF69EC267F442 /* Pods-FlixterTests.release.xcconfig */,
			);
			path = Pods;
			sourceTree = "<group>";
		};
/* End PBXGroup section */

/* Begin PBXNativeTarget section */
		0630950A285A4C2E0063A835 /* Flixter */ = {
			isa = PBXNativeTarget;
			buildConfigurationList = 0630953A285A4C2F0063A835 /* Build configuration list for PBXNativeTarget "Flixter" */;
			buildPhases = (
				BAB8F6B6F42917CC228AD426 /* [CP] Check Pods Manifest.lock */,
				06309507285A4C2E0063A835 /* Sources */,
				06309508285A4C2E0063A835 /* Frameworks */,
				06309509285A4C2E0063A835 /* Resources */,
				9B7B0C8DD28598F9ACB5163F /* [CP] Embed Pods Frameworks */,
			);
			buildRules = (
			);
			dependencies = (
			);
			name = Flixter;
			productName = Flixter;
			productReference = 0630950B285A4C2E0063A835 /* Flixter.app */;
			productType = "com.apple.product-type.application";
		};
		06309525285A4C2E0063A835 /* FlixterTests */ = {
			isa = PBXNativeTarget;
			buildConfigurationList = 0630953D285A4C2F0063A835 /* Build configuration list for PBXNativeTarget "FlixterTests" */;
			buildPhases = (
				43643D4E2F23413C5B373B7C /* [CP] Check Pods Manifest.lock */,
				06309522285A4C2E0063A835 /* Sources */,
				06309523285A4C2E0063A835 /* Frameworks */,
				06309524285A4C2E0063A835 /* Resources */,
			);
			buildRules = (
			);
			dependencies = (
				06309528285A4C2E0063A835 /* PBXTargetDependency */,
			);
			name = FlixterTests;
			productName = FlixterTests;
			productReference = 06309526285A4C2E0063A835 /* FlixterTests.xctest */;
			productType = "com.apple.product-type.bundle.unit-test";
		};
		0630952F285A4C2F0063A835 /* FlixterUITests */ = {
			isa = PBXNativeTarget;
			buildConfigurationList = 06309540285A4C2F0063A835 /* Build configuration list for PBXNativeTarget "FlixterUITests" */;
			buildPhases = (
				C7C5653A39DF0C06FD75C13B /* [CP] Check Pods Manifest.lock */,
				0630952C285A4C2F0063A835 /* Sources */,
				0630952D285A4C2F0063A835 /* Frameworks */,
				0630952E285A4C2F0063A835 /* Resources */,
				BFF3C1B9AE874076BC8DA8BD /* [CP] Embed Pods Frameworks */,
			);
			buildRules = (
			);
			dependencies = (
				06309532285A4C2F0063A835 /* PBXTargetDependency */,
			);
			name = FlixterUITests;
			productName = FlixterUITests;
			productReference = 06309530285A4C2F0063A835 /* FlixterUITests.xctest */;
			productType = "com.apple.product-type.bundle.ui-testing";
		};
/* End PBXNativeTarget section */

/* Begin PBXProject section */
		06309503285A4C2E0063A835 /* Project object */ = {
			isa = PBXProject;
			attributes = {
				BuildIndependentTargetsInParallel = 1;
				LastUpgradeCheck = 1340;
				TargetAttributes = {
					0630950A285A4C2E0063A835 = {
						CreatedOnToolsVersion = 13.4.1;
					};
					06309525285A4C2E0063A835 = {
						CreatedOnToolsVersion = 13.4.1;
						TestTargetID = 0630950A285A4C2E0063A835;
					};
					0630952F285A4C2F0063A835 = {
						CreatedOnToolsVersion = 13.4.1;
						TestTargetID = 0630950A285A4C2E0063A835;
					};
				};
			};
			buildConfigurationList = 06309506285A4C2E0063A835 /* Build configuration list for PBXProject "Flixter" */;
			compatibilityVersion = "Xcode 13.0";
			developmentRegion = en;
			hasScannedForEncodings = 0;
			knownRegions = (
				en,
				Base,
			);
			mainGroup = 06309502285A4C2E0063A835;
			productRefGroup = 0630950C285A4C2E0063A835 /* Products */;
			projectDirPath = "";
			projectRoot = "";
			targets = (
				0630950A285A4C2E0063A835 /* Flixter */,
				06309525285A4C2E0063A835 /* FlixterTests */,
				0630952F285A4C2F0063A835 /* FlixterUITests */,
			);
		};
/* End PBXProject section */

/* Begin PBXResourcesBuildPhase section */
		06309509285A4C2E0063A835 /* Resources */ = {
			isa = PBXResourcesBuildPhase;
			buildActionMask = 2147483647;
			files = (
				0630951E285A4C2E0063A835 /* LaunchScreen.storyboard in Resources */,
				0630951B285A4C2E0063A835 /* Assets.xcassets in Resources */,
				06309519285A4C2E0063A835 /* Main.storyboard in Resources */,
			);
			runOnlyForDeploymentPostprocessing = 0;
		};
		06309524285A4C2E0063A835 /* Resources */ = {
			isa = PBXResourcesBuildPhase;
			buildActionMask = 2147483647;
			files = (
			);
			runOnlyForDeploymentPostprocessing = 0;
		};
		0630952E285A4C2F0063A835 /* Resources */ = {
			isa = PBXResourcesBuildPhase;
			buildActionMask = 2147483647;
			files = (
			);
			runOnlyForDeploymentPostprocessing = 0;
		};
/* End PBXResourcesBuildPhase section */

/* Begin PBXShellScriptBuildPhase section */
		43643D4E2F23413C5B373B7C /* [CP] Check Pods Manifest.lock */ = {
			isa = PBXShellScriptBuildPhase;
			buildActionMask = 2147483647;
			files = (
			);
			inputFileListPaths = (
			);
			inputPaths = (
				"${PODS_PODFILE_DIR_PATH}/Podfile.lock",
				"${PODS_ROOT}/Manifest.lock",
			);
			name = "[CP] Check Pods Manifest.lock";
			outputFileListPaths = (
			);
			outputPaths = (
				"$(DERIVED_FILE_DIR)/Pods-FlixterTests-checkManifestLockResult.txt",
			);
			runOnlyForDeploymentPostprocessing = 0;
			shellPath = /bin/sh;
			shellScript = "diff \"${PODS_PODFILE_DIR_PATH}/Podfile.lock\" \"${PODS_ROOT}/Manifest.lock\" > /dev/null\nif [ $? != 0 ] ; then\n    # print error to STDERR\n    echo \"error: The sandbox is not in sync with the Podfile.lock. Run 'pod install' or update your CocoaPods installation.\" >&2\n    exit 1\nfi\n# This output is used by Xcode 'outputs' to avoid re-running this script phase.\necho \"SUCCESS\" > \"${SCRIPT_OUTPUT_FILE_0}\"\n";
			showEnvVarsInLog = 0;
		};
		9B7B0C8DD28598F9ACB5163F /* [CP] Embed Pods Frameworks */ = {
			isa = PBXShellScriptBuildPhase;
			buildActionMask = 2147483647;
			files = (
			);
			inputFileListPaths = (
				"${PODS_ROOT}/Target Support Files/Pods-Flixter/Pods-Flixter-frameworks-${CONFIGURATION}-input-files.xcfilelist",
			);
			name = "[CP] Embed Pods Frameworks";
			outputFileListPaths = (
				"${PODS_ROOT}/Target Support Files/Pods-Flixter/Pods-Flixter-frameworks-${CONFIGURATION}-output-files.xcfilelist",
			);
			runOnlyForDeploymentPostprocessing = 0;
			shellPath = /bin/sh;
			shellScript = "\"${PODS_ROOT}/Target Support Files/Pods-Flixter/Pods-Flixter-frameworks.sh\"\n";
			showEnvVarsInLog = 0;
		};
		BAB8F6B6F42917CC228AD426 /* [CP] Check Pods Manifest.lock */ = {
			isa = PBXShellScriptBuildPhase;
			buildActionMask = 2147483647;
			files = (
			);
			inputFileListPaths = (
			);
			inputPaths = (
				"${PODS_PODFILE_DIR_PATH}/Podfile.lock",
				"${PODS_ROOT}/Manifest.lock",
			);
			name = "[CP] Check Pods Manifest.lock";
			outputFileListPaths = (
			);
			outputPaths = (
				"$(DERIVED_FILE_DIR)/Pods-Flixter-checkManifestLockResult.txt",
			);
			runOnlyForDeploymentPostprocessing = 0;
			shellPath = /bin/sh;
			shellScript = "diff \"${PODS_PODFILE_DIR_PATH}/Podfile.lock\" \"${PODS_ROOT}/Manifest.lock\" > /dev/null\nif [ $? != 0 ] ; then\n    # print error to STDERR\n    echo \"error: The sandbox is not in sync with the Podfile.lock. Run 'pod install' or update your CocoaPods installation.\" >&2\n    exit 1\nfi\n# This output is used by Xcode 'outputs' to avoid re-running this script phase.\necho \"SUCCESS\" > \"${SCRIPT_OUTPUT_FILE_0}\"\n";
			showEnvVarsInLog = 0;
		};
		BFF3C1B9AE874076BC8DA8BD /* [CP] Embed Pods Frameworks */ = {
			isa = PBXShellScriptBuildPhase;
			buildActionMask = 2147483647;
			files = (
			);
			inputFileListPaths = (
				"${PODS_ROOT}/Target Support Files/Pods-Flixter-FlixterUITests/Pods-Flixter-FlixterUITests-frameworks-${CONFIGURATION}-input-files.xcfilelist",
			);
			name = "[CP] Embed Pods Frameworks";
			outputFileListPaths = (
				"${PODS_ROOT}/Target Support Files/Pods-Flixter-FlixterUITests/Pods-Flixter-FlixterUITests-frameworks-${CONFIGURATION}-output-files.xcfilelist",
			);
			runOnlyForDeploymentPostprocessing = 0;
			shellPath = /bin/sh;
			shellScript = "\"${PODS_ROOT}/Target Support Files/Pods-Flixter-FlixterUITests/Pods-Flixter-FlixterUITests-frameworks.sh\"\n";
			showEnvVarsInLog = 0;
		};
		C7C5653A39DF0C06FD75C13B /* [CP] Check Pods Manifest.lock */ = {
			isa = PBXShellScriptBuildPhase;
			buildActionMask = 2147483647;
			files = (
			);
			inputFileListPaths = (
			);
			inputPaths = (
				"${PODS_PODFILE_DIR_PATH}/Podfile.lock",
				"${PODS_ROOT}/Manifest.lock",
			);
			name = "[CP] Check Pods Manifest.lock";
			outputFileListPaths = (
			);
			outputPaths = (
				"$(DERIVED_FILE_DIR)/Pods-Flixter-FlixterUITests-checkManifestLockResult.txt",
			);
			runOnlyForDeploymentPostprocessing = 0;
			shellPath = /bin/sh;
			shellScript = "diff \"${PODS_PODFILE_DIR_PATH}/Podfile.lock\" \"${PODS_ROOT}/Manifest.lock\" > /dev/null\nif [ $? != 0 ] ; then\n    # print error to STDERR\n    echo \"error: The sandbox is not in sync with the Podfile.lock. Run 'pod install' or update your CocoaPods installation.\" >&2\n    exit 1\nfi\n# This output is used by Xcode 'outputs' to avoid re-running this script phase.\necho \"SUCCESS\" > \"${SCRIPT_OUTPUT_FILE_0}\"\n";
			showEnvVarsInLog = 0;
		};
/* End PBXShellScriptBuildPhase section */

/* Begin PBXSourcesBuildPhase section */
		06309507285A4C2E0063A835 /* Sources */ = {
			isa = PBXSourcesBuildPhase;
			buildActionMask = 2147483647;
			files = (
				06309548285A75F10063A835 /* MovieViewController.m in Sources */,
				0630954E285A95AF0063A835 /* MovieCell.m in Sources */,
				06309510285A4C2E0063A835 /* AppDelegate.m in Sources */,
				06D60BC8285CFBCF0042FB6A /* GridCell.m in Sources */,
				06D60BC5285CF72F0042FB6A /* GridViewController.m in Sources */,
				0611D400285BC8B800412C25 /* DetailsViewController.m in Sources */,
				06309521285A4C2E0063A835 /* main.m in Sources */,
				06309513285A4C2E0063A835 /* SceneDelegate.m in Sources */,
			);
			runOnlyForDeploymentPostprocessing = 0;
		};
		06309522285A4C2E0063A835 /* Sources */ = {
			isa = PBXSourcesBuildPhase;
			buildActionMask = 2147483647;
			files = (
				0630952B285A4C2E0063A835 /* FlixterTests.m in Sources */,
			);
			runOnlyForDeploymentPostprocessing = 0;
		};
		0630952C285A4C2F0063A835 /* Sources */ = {
			isa = PBXSourcesBuildPhase;
			buildActionMask = 2147483647;
			files = (
				06309535285A4C2F0063A835 /* FlixterUITests.m in Sources */,
				06309537285A4C2F0063A835 /* FlixterUITestsLaunchTests.m in Sources */,
			);
			runOnlyForDeploymentPostprocessing = 0;
		};
/* End PBXSourcesBuildPhase section */

/* Begin PBXTargetDependency section */
		06309528285A4C2E0063A835 /* PBXTargetDependency */ = {
			isa = PBXTargetDependency;
			target = 0630950A285A4C2E0063A835 /* Flixter */;
			targetProxy = 06309527285A4C2E0063A835 /* PBXContainerItemProxy */;
		};
		06309532285A4C2F0063A835 /* PBXTargetDependency */ = {
			isa = PBXTargetDependency;
			target = 0630950A285A4C2E0063A835 /* Flixter */;
			targetProxy = 06309531285A4C2F0063A835 /* PBXContainerItemProxy */;
		};
/* End PBXTargetDependency section */

/* Begin PBXVariantGroup section */
		06309517285A4C2E0063A835 /* Main.storyboard */ = {
			isa = PBXVariantGroup;
			children = (
				06309518285A4C2E0063A835 /* Base */,
			);
			name = Main.storyboard;
			sourceTree = "<group>";
		};
		0630951C285A4C2E0063A835 /* LaunchScreen.storyboard */ = {
			isa = PBXVariantGroup;
			children = (
				0630951D285A4C2E0063A835 /* Base */,
			);
			name = LaunchScreen.storyboard;
			sourceTree = "<group>";
		};
/* End PBXVariantGroup section */

/* Begin XCBuildConfiguration section */
		06309538285A4C2F0063A835 /* Debug */ = {
			isa = XCBuildConfiguration;
			buildSettings = {
				ALWAYS_SEARCH_USER_PATHS = NO;
				CLANG_ANALYZER_NONNULL = YES;
				CLANG_ANALYZER_NUMBER_OBJECT_CONVERSION = YES_AGGRESSIVE;
				CLANG_CXX_LANGUAGE_STANDARD = "gnu++17";
				CLANG_ENABLE_MODULES = YES;
				CLANG_ENABLE_OBJC_ARC = YES;
				CLANG_ENABLE_OBJC_WEAK = YES;
				CLANG_WARN_BLOCK_CAPTURE_AUTORELEASING = YES;
				CLANG_WARN_BOOL_CONVERSION = YES;
				CLANG_WARN_COMMA = YES;
				CLANG_WARN_CONSTANT_CONVERSION = YES;
				CLANG_WARN_DEPRECATED_OBJC_IMPLEMENTATIONS = YES;
				CLANG_WARN_DIRECT_OBJC_ISA_USAGE = YES_ERROR;
				CLANG_WARN_DOCUMENTATION_COMMENTS = YES;
				CLANG_WARN_EMPTY_BODY = YES;
				CLANG_WARN_ENUM_CONVERSION = YES;
				CLANG_WARN_INFINITE_RECURSION = YES;
				CLANG_WARN_INT_CONVERSION = YES;
				CLANG_WARN_NON_LITERAL_NULL_CONVERSION = YES;
				CLANG_WARN_OBJC_IMPLICIT_RETAIN_SELF = YES;
				CLANG_WARN_OBJC_LITERAL_CONVERSION = YES;
				CLANG_WARN_OBJC_ROOT_CLASS = YES_ERROR;
				CLANG_WARN_QUOTED_INCLUDE_IN_FRAMEWORK_HEADER = YES;
				CLANG_WARN_RANGE_LOOP_ANALYSIS = YES;
				CLANG_WARN_STRICT_PROTOTYPES = YES;
				CLANG_WARN_SUSPICIOUS_MOVE = YES;
				CLANG_WARN_UNGUARDED_AVAILABILITY = YES_AGGRESSIVE;
				CLANG_WARN_UNREACHABLE_CODE = YES;
				CLANG_WARN__DUPLICATE_METHOD_MATCH = YES;
				COPY_PHASE_STRIP = NO;
				DEBUG_INFORMATION_FORMAT = dwarf;
				ENABLE_STRICT_OBJC_MSGSEND = YES;
				ENABLE_TESTABILITY = YES;
				GCC_C_LANGUAGE_STANDARD = gnu11;
				GCC_DYNAMIC_NO_PIC = NO;
				GCC_NO_COMMON_BLOCKS = YES;
				GCC_OPTIMIZATION_LEVEL = 0;
				GCC_PREPROCESSOR_DEFINITIONS = (
					"DEBUG=1",
					"$(inherited)",
				);
				GCC_WARN_64_TO_32_BIT_CONVERSION = YES;
				GCC_WARN_ABOUT_RETURN_TYPE = YES_ERROR;
				GCC_WARN_UNDECLARED_SELECTOR = YES;
				GCC_WARN_UNINITIALIZED_AUTOS = YES_AGGRESSIVE;
				GCC_WARN_UNUSED_FUNCTION = YES;
				GCC_WARN_UNUSED_VARIABLE = YES;
				IPHONEOS_DEPLOYMENT_TARGET = 15.5;
				MTL_ENABLE_DEBUG_INFO = INCLUDE_SOURCE;
				MTL_FAST_MATH = YES;
				ONLY_ACTIVE_ARCH = YES;
				SDKROOT = iphoneos;
			};
			name = Debug;
		};
		06309539285A4C2F0063A835 /* Release */ = {
			isa = XCBuildConfiguration;
			buildSettings = {
				ALWAYS_SEARCH_USER_PATHS = NO;
				CLANG_ANALYZER_NONNULL = YES;
				CLANG_ANALYZER_NUMBER_OBJECT_CONVERSION = YES_AGGRESSIVE;
				CLANG_CXX_LANGUAGE_STANDARD = "gnu++17";
				CLANG_ENABLE_MODULES = YES;
				CLANG_ENABLE_OBJC_ARC = YES;
				CLANG_ENABLE_OBJC_WEAK = YES;
				CLANG_WARN_BLOCK_CAPTURE_AUTORELEASING = YES;
				CLANG_WARN_BOOL_CONVERSION = YES;
				CLANG_WARN_COMMA = YES;
				CLANG_WARN_CONSTANT_CONVERSION = YES;
				CLANG_WARN_DEPRECATED_OBJC_IMPLEMENTATIONS = YES;
				CLANG_WARN_DIRECT_OBJC_ISA_USAGE = YES_ERROR;
				CLANG_WARN_DOCUMENTATION_COMMENTS = YES;
				CLANG_WARN_EMPTY_BODY = YES;
				CLANG_WARN_ENUM_CONVERSION = YES;
				CLANG_WARN_INFINITE_RECURSION = YES;
				CLANG_WARN_INT_CONVERSION = YES;
				CLANG_WARN_NON_LITERAL_NULL_CONVERSION = YES;
				CLANG_WARN_OBJC_IMPLICIT_RETAIN_SELF = YES;
				CLANG_WARN_OBJC_LITERAL_CONVERSION = YES;
				CLANG_WARN_OBJC_ROOT_CLASS = YES_ERROR;
				CLANG_WARN_QUOTED_INCLUDE_IN_FRAMEWORK_HEADER = YES;
				CLANG_WARN_RANGE_LOOP_ANALYSIS = YES;
				CLANG_WARN_STRICT_PROTOTYPES = YES;
				CLANG_WARN_SUSPICIOUS_MOVE = YES;
				CLANG_WARN_UNGUARDED_AVAILABILITY = YES_AGGRESSIVE;
				CLANG_WARN_UNREACHABLE_CODE = YES;
				CLANG_WARN__DUPLICATE_METHOD_MATCH = YES;
				COPY_PHASE_STRIP = NO;
				DEBUG_INFORMATION_FORMAT = "dwarf-with-dsym";
				ENABLE_NS_ASSERTIONS = NO;
				ENABLE_STRICT_OBJC_MSGSEND = YES;
				GCC_C_LANGUAGE_STANDARD = gnu11;
				GCC_NO_COMMON_BLOCKS = YES;
				GCC_WARN_64_TO_32_BIT_CONVERSION = YES;
				GCC_WARN_ABOUT_RETURN_TYPE = YES_ERROR;
				GCC_WARN_UNDECLARED_SELECTOR = YES;
				GCC_WARN_UNINITIALIZED_AUTOS = YES_AGGRESSIVE;
				GCC_WARN_UNUSED_FUNCTION = YES;
				GCC_WARN_UNUSED_VARIABLE = YES;
				IPHONEOS_DEPLOYMENT_TARGET = 15.5;
				MTL_ENABLE_DEBUG_INFO = NO;
				MTL_FAST_MATH = YES;
				SDKROOT = iphoneos;
				VALIDATE_PRODUCT = YES;
			};
			name = Release;
		};
		0630953B285A4C2F0063A835 /* Debug */ = {
			isa = XCBuildConfiguration;
			baseConfigurationReference = 3F1919B3AE2275209CE896EC /* Pods-Flixter.debug.xcconfig */;
			buildSettings = {
				ASSETCATALOG_COMPILER_APPICON_NAME = AppIcon;
				ASSETCATALOG_COMPILER_GLOBAL_ACCENT_COLOR_NAME = AccentColor;
				CODE_SIGN_STYLE = Automatic;
				CURRENT_PROJECT_VERSION = 1;
				GENERATE_INFOPLIST_FILE = YES;
				INFOPLIST_FILE = Flixter/Info.plist;
				INFOPLIST_KEY_UIApplicationSupportsIndirectInputEvents = YES;
				INFOPLIST_KEY_UILaunchStoryboardName = LaunchScreen;
				INFOPLIST_KEY_UIMainStoryboardFile = Main;
				INFOPLIST_KEY_UISupportedInterfaceOrientations_iPad = "UIInterfaceOrientationPortrait UIInterfaceOrientationPortraitUpsideDown UIInterfaceOrientationLandscapeLeft UIInterfaceOrientationLandscapeRight";
				INFOPLIST_KEY_UISupportedInterfaceOrientations_iPhone = "UIInterfaceOrientationPortrait UIInterfaceOrientationLandscapeLeft UIInterfaceOrientationLandscapeRight";
				LD_RUNPATH_SEARCH_PATHS = (
					"$(inherited)",
					"@executable_path/Frameworks",
				);
				MARKETING_VERSION = 1.0;
				PRODUCT_BUNDLE_IDENTIFIER = com.codepath.www.Flixter;
				PRODUCT_NAME = "$(TARGET_NAME)";
				SWIFT_EMIT_LOC_STRINGS = YES;
				TARGETED_DEVICE_FAMILY = "1,2";
			};
			name = Debug;
		};
		0630953C285A4C2F0063A835 /* Release */ = {
			isa = XCBuildConfiguration;
			baseConfigurationReference = 41F6C8296719D6102D318366 /* Pods-Flixter.release.xcconfig */;
			buildSettings = {
				ASSETCATALOG_COMPILER_APPICON_NAME = AppIcon;
				ASSETCATALOG_COMPILER_GLOBAL_ACCENT_COLOR_NAME = AccentColor;
				CODE_SIGN_STYLE = Automatic;
				CURRENT_PROJECT_VERSION = 1;
				GENERATE_INFOPLIST_FILE = YES;
				INFOPLIST_FILE = Flixter/Info.plist;
				INFOPLIST_KEY_UIApplicationSupportsIndirectInputEvents = YES;
				INFOPLIST_KEY_UILaunchStoryboardName = LaunchScreen;
				INFOPLIST_KEY_UIMainStoryboardFile = Main;
				INFOPLIST_KEY_UISupportedInterfaceOrientations_iPad = "UIInterfaceOrientationPortrait UIInterfaceOrientationPortraitUpsideDown UIInterfaceOrientationLandscapeLeft UIInterfaceOrientationLandscapeRight";
				INFOPLIST_KEY_UISupportedInterfaceOrientations_iPhone = "UIInterfaceOrientationPortrait UIInterfaceOrientationLandscapeLeft UIInterfaceOrientationLandscapeRight";
				LD_RUNPATH_SEARCH_PATHS = (
					"$(inherited)",
					"@executable_path/Frameworks",
				);
				MARKETING_VERSION = 1.0;
				PRODUCT_BUNDLE_IDENTIFIER = com.codepath.www.Flixter;
				PRODUCT_NAME = "$(TARGET_NAME)";
				SWIFT_EMIT_LOC_STRINGS = YES;
				TARGETED_DEVICE_FAMILY = "1,2";
			};
			name = Release;
		};
		0630953E285A4C2F0063A835 /* Debug */ = {
			isa = XCBuildConfiguration;
			baseConfigurationReference = 170173859D4C5A14A77EA7AD /* Pods-FlixterTests.debug.xcconfig */;
			buildSettings = {
				BUNDLE_LOADER = "$(TEST_HOST)";
				CODE_SIGN_STYLE = Automatic;
				CURRENT_PROJECT_VERSION = 1;
				GENERATE_INFOPLIST_FILE = YES;
				IPHONEOS_DEPLOYMENT_TARGET = 15.5;
				MARKETING_VERSION = 1.0;
				PRODUCT_BUNDLE_IDENTIFIER = com.codepath.www.FlixterTests;
				PRODUCT_NAME = "$(TARGET_NAME)";
				SWIFT_EMIT_LOC_STRINGS = NO;
				TARGETED_DEVICE_FAMILY = "1,2";
				TEST_HOST = "$(BUILT_PRODUCTS_DIR)/Flixter.app/Flixter";
			};
			name = Debug;
		};
		0630953F285A4C2F0063A835 /* Release */ = {
			isa = XCBuildConfiguration;
			baseConfigurationReference = 55D6B2FE8A1BF69EC267F442 /* Pods-FlixterTests.release.xcconfig */;
			buildSettings = {
				BUNDLE_LOADER = "$(TEST_HOST)";
				CODE_SIGN_STYLE = Automatic;
				CURRENT_PROJECT_VERSION = 1;
				GENERATE_INFOPLIST_FILE = YES;
				IPHONEOS_DEPLOYMENT_TARGET = 15.5;
				MARKETING_VERSION = 1.0;
				PRODUCT_BUNDLE_IDENTIFIER = com.codepath.www.FlixterTests;
				PRODUCT_NAME = "$(TARGET_NAME)";
				SWIFT_EMIT_LOC_STRINGS = NO;
				TARGETED_DEVICE_FAMILY = "1,2";
				TEST_HOST = "$(BUILT_PRODUCTS_DIR)/Flixter.app/Flixter";
			};
			name = Release;
		};
		06309541285A4C2F0063A835 /* Debug */ = {
			isa = XCBuildConfiguration;
			baseConfigurationReference = 404BDDC787E2DA28C5D89D85 /* Pods-Flixter-FlixterUITests.debug.xcconfig */;
			buildSettings = {
				CODE_SIGN_STYLE = Automatic;
				CURRENT_PROJECT_VERSION = 1;
				GENERATE_INFOPLIST_FILE = YES;
				MARKETING_VERSION = 1.0;
				PRODUCT_BUNDLE_IDENTIFIER = com.codepath.www.FlixterUITests;
				PRODUCT_NAME = "$(TARGET_NAME)";
				SWIFT_EMIT_LOC_STRINGS = NO;
				TARGETED_DEVICE_FAMILY = "1,2";
				TEST_TARGET_NAME = Flixter;
			};
			name = Debug;
		};
		06309542285A4C2F0063A835 /* Release */ = {
			isa = XCBuildConfiguration;
			baseConfigurationReference = CC9FE601FD0FA86D9D34D5C8 /* Pods-Flixter-FlixterUITests.release.xcconfig */;
			buildSettings = {
				CODE_SIGN_STYLE = Automatic;
				CURRENT_PROJECT_VERSION = 1;
				GENERATE_INFOPLIST_FILE = YES;
				MARKETING_VERSION = 1.0;
				PRODUCT_BUNDLE_IDENTIFIER = com.codepath.www.FlixterUITests;
				PRODUCT_NAME = "$(TARGET_NAME)";
				SWIFT_EMIT_LOC_STRINGS = NO;
				TARGETED_DEVICE_FAMILY = "1,2";
				TEST_TARGET_NAME = Flixter;
			};
			name = Release;
		};
/* End XCBuildConfiguration section */

/* Begin XCConfigurationList section */
		06309506285A4C2E0063A835 /* Build configuration list for PBXProject "Flixter" */ = {
			isa = XCConfigurationList;
			buildConfigurations = (
				06309538285A4C2F0063A835 /* Debug */,
				06309539285A4C2F0063A835 /* Release */,
			);
			defaultConfigurationIsVisible = 0;
			defaultConfigurationName = Release;
		};
		0630953A285A4C2F0063A835 /* Build configuration list for PBXNativeTarget "Flixter" */ = {
			isa = XCConfigurationList;
			buildConfigurations = (
				0630953B285A4C2F0063A835 /* Debug */,
				0630953C285A4C2F0063A835 /* Release */,
			);
			defaultConfigurationIsVisible = 0;
			defaultConfigurationName = Release;
		};
		0630953D285A4C2F0063A835 /* Build configuration list for PBXNativeTarget "FlixterTests" */ = {
			isa = XCConfigurationList;
			buildConfigurations = (
				0630953E285A4C2F0063A835 /* Debug */,
				0630953F285A4C2F0063A835 /* Release */,
			);
			defaultConfigurationIsVisible = 0;
			defaultConfigurationName = Release;
		};
		06309540285A4C2F0063A835 /* Build configuration list for PBXNativeTarget "FlixterUITests" */ = {
			isa = XCConfigurationList;
			buildConfigurations = (
				06309541285A4C2F0063A835 /* Debug */,
				06309542285A4C2F0063A835 /* Release */,
			);
			defaultConfigurationIsVisible = 0;
			defaultConfigurationName = Release;
		};
/* End XCConfigurationList section */
	};
	rootObject = 06309503285A4C2E0063A835 /* Project object */;
}
